// !$*UTF8*$!
{
	archiveVersion = 1;
	classes = {
	};
	objectVersion = 60;
	objects = {

/* Begin PBXBuildFile section */
		7434A8242F310C5100F9C75B /* Assets.xcassets in Resources */ = {isa = PBXBuildFile; fileRef = 7434A81A2F310C5100F9C75B /* Assets.xcassets */; };
		7434A8262F310C5100F9C75B /* LaunchScreen.storyboard in Resources */ = {isa = PBXBuildFile; fileRef = 7434A81E2F310C5100F9C75B /* LaunchScreen.storyboard */; };
		7434A8272F310C5100F9C75B /* Main.storyboard in Resources */ = {isa = PBXBuildFile; fileRef = 7434A8202F310C5100F9C75B /* Main.storyboard */; };
		7434A8282F310C5100F9C75B /* CircuitDataManager.swift in Sources */ = {isa = PBXBuildFile; fileRef = 7434A7F72F310C5100F9C75B /* CircuitDataManager.swift */; };
		7434A8292F310C5100F9C75B /* CircuitDataModel.swift in Sources */ = {isa = PBXBuildFile; fileRef = 7434A7F82F310C5100F9C75B /* CircuitDataModel.swift */; };
		7434A82A2F310C5100F9C75B /* CircuitEngine.swift in Sources */ = {isa = PBXBuildFile; fileRef = 7434A7FA2F310C5100F9C75B /* CircuitEngine.swift */; };
		7434A82B2F310C5100F9C75B /* Color+CircuitWeaver.swift in Sources */ = {isa = PBXBuildFile; fileRef = 7434A7FC2F310C5100F9C75B /* Color+CircuitWeaver.swift */; };
		7434A82C2F310C5100F9C75B /* Achievements.swift in Sources */ = {isa = PBXBuildFile; fileRef = 7434A7FE2F310C5100F9C75B /* Achievements.swift */; };
		7434A82D2F310C5100F9C75B /* CircuitModels.swift in Sources */ = {isa = PBXBuildFile; fileRef = 7434A7FF2F310C5100F9C75B /* CircuitModels.swift */; };
		7434A82E2F310C5100F9C75B /* ExerciseLibrary.swift in Sources */ = {isa = PBXBuildFile; fileRef = 7434A8002F310C5100F9C75B /* ExerciseLibrary.swift */; };
		7434A82F2F310C5100F9C75B /* Station.swift in Sources */ = {isa = PBXBuildFile; fileRef = 7434A8012F310C5100F9C75B /* Station.swift */; };
		7434A8302F310C5100F9C75B /* TrainingHistory.swift in Sources */ = {isa = PBXBuildFile; fileRef = 7434A8022F310C5100F9C75B /* TrainingHistory.swift */; };
		7434A8312F310C5100F9C75B /* TrainingProgram.swift in Sources */ = {isa = PBXBuildFile; fileRef = 7434A8032F310C5100F9C75B /* TrainingProgram.swift */; };
		7434A8322F310C5100F9C75B /* CircuitWeaverViewModel.swift in Sources */ = {isa = PBXBuildFile; fileRef = 7434A8052F310C5100F9C75B /* CircuitWeaverViewModel.swift */; };
		7434A8362F310C5100F9C75B /* AchievementsView.swift in Sources */ = {isa = PBXBuildFile; fileRef = 7434A80B2F310C5100F9C75B /* AchievementsView.swift */; };
		7434A8372F310C5100F9C75B /* CircuitAnalysisView.swift in Sources */ = {isa = PBXBuildFile; fileRef = 7434A80C2F310C5100F9C75B /* CircuitAnalysisView.swift */; };
		7434A8382F310C5100F9C75B /* CircuitExecutionView.swift in Sources */ = {isa = PBXBuildFile; fileRef = 7434A80D2F310C5100F9C75B /* CircuitExecutionView.swift */; };
		7434A8392F310C5100F9C75B /* CircuitWeaverView.swift in Sources */ = {isa = PBXBuildFile; fileRef = 7434A80E2F310C5100F9C75B /* CircuitWeaverView.swift */; };
		7434A83A2F310C5100F9C75B /* ExerciseLibraryView.swift in Sources */ = {isa = PBXBuildFile; fileRef = 7434A80F2F310C5100F9C75B /* ExerciseLibraryView.swift */; };
		7434A83B2F310C5100F9C75B /* HomeView.swift in Sources */ = {isa = PBXBuildFile; fileRef = 7434A8102F310C5100F9C75B /* HomeView.swift */; };
		7434A83C2F310C5100F9C75B /* MainTabView.swift in Sources */ = {isa = PBXBuildFile; fileRef = 7434A8112F310C5100F9C75B /* MainTabView.swift */; };
		7434A83D2F310C5100F9C75B /* OnboardingView.swift in Sources */ = {isa = PBXBuildFile; fileRef = 7434A8122F310C5100F9C75B /* OnboardingView.swift */; };
		7434A83E2F310C5100F9C75B /* SettingsView.swift in Sources */ = {isa = PBXBuildFile; fileRef = 7434A8132F310C5100F9C75B /* SettingsView.swift */; };
		7434A83F2F310C5100F9C75B /* SpaceBuilderView.swift in Sources */ = {isa = PBXBuildFile; fileRef = 7434A8142F310C5100F9C75B /* SpaceBuilderView.swift */; };
		7434A8402F310C5100F9C75B /* SpaceLibraryView.swift in Sources */ = {isa = PBXBuildFile; fileRef = 7434A8152F310C5100F9C75B /* SpaceLibraryView.swift */; };
		7434A8412F310C5100F9C75B /* TrainingHistoryView.swift in Sources */ = {isa = PBXBuildFile; fileRef = 7434A8162F310C5100F9C75B /* TrainingHistoryView.swift */; };
		7434A8422F310C5100F9C75B /* TrainingProgramsView.swift in Sources */ = {isa = PBXBuildFile; fileRef = 7434A8172F310C5100F9C75B /* TrainingProgramsView.swift */; };
		7434A8432F310C5100F9C75B /* AppDelegate.swift in Sources */ = {isa = PBXBuildFile; fileRef = 7434A8192F310C5100F9C75B /* AppDelegate.swift */; };
		7434A8442F310C5100F9C75B /* ContentView.swift in Sources */ = {isa = PBXBuildFile; fileRef = 7434A81B2F310C5100F9C75B /* ContentView.swift */; };
		7434A8452F310C5100F9C75B /* SceneDelegate.swift in Sources */ = {isa = PBXBuildFile; fileRef = 7434A8212F310C5100F9C75B /* SceneDelegate.swift */; };
		7434A8462F310C5100F9C75B /* ViewController.swift in Sources */ = {isa = PBXBuildFile; fileRef = 7434A8222F310C5100F9C75B /* ViewController.swift */; };
/* End PBXBuildFile section */

/* Begin PBXFileReference section */
		740292882F228B300027E363 /* 65CircuitWeaver.app */ = {isa = PBXFileReference; explicitFileType = wrapper.application; includeInIndex = 0; path = 65CircuitWeaver.app; sourceTree = BUILT_PRODUCTS_DIR; };
		7434A7F72F310C5100F9C75B /* CircuitDataManager.swift */ = {isa = PBXFileReference; lastKnownFileType = sourcecode.swift; path = CircuitDataManager.swift; sourceTree = "<group>"; };
		7434A7F82F310C5100F9C75B /* CircuitDataModel.swift */ = {isa = PBXFileReference; lastKnownFileType = sourcecode.swift; path = CircuitDataModel.swift; sourceTree = "<group>"; };
		7434A7FA2F310C5100F9C75B /* CircuitEngine.swift */ = {isa = PBXFileReference; lastKnownFileType = sourcecode.swift; path = CircuitEngine.swift; sourceTree = "<group>"; };
		7434A7FC2F310C5100F9C75B /* Color+CircuitWeaver.swift */ = {isa = PBXFileReference; lastKnownFileType = sourcecode.swift; path = "Color+CircuitWeaver.swift"; sourceTree = "<group>"; };
		7434A7FE2F310C5100F9C75B /* Achievements.swift */ = {isa = PBXFileReference; lastKnownFileType = sourcecode.swift; path = Achievements.swift; sourceTree = "<group>"; };
		7434A7FF2F310C5100F9C75B /* CircuitModels.swift */ = {isa = PBXFileReference; lastKnownFileType = sourcecode.swift; path = CircuitModels.swift; sourceTree = "<group>"; };
		7434A8002F310C5100F9C75B /* ExerciseLibrary.swift */ = {isa = PBXFileReference; lastKnownFileType = sourcecode.swift; path = ExerciseLibrary.swift; sourceTree = "<group>"; };
		7434A8012F310C5100F9C75B /* Station.swift */ = {isa = PBXFileReference; lastKnownFileType = sourcecode.swift; path = Station.swift; sourceTree = "<group>"; };
		7434A8022F310C5100F9C75B /* TrainingHistory.swift */ = {isa = PBXFileReference; lastKnownFileType = sourcecode.swift; path = TrainingHistory.swift; sourceTree = "<group>"; };
		7434A8032F310C5100F9C75B /* TrainingProgram.swift */ = {isa = PBXFileReference; lastKnownFileType = sourcecode.swift; path = TrainingProgram.swift; sourceTree = "<group>"; };
		7434A8052F310C5100F9C75B /* CircuitWeaverViewModel.swift */ = {isa = PBXFileReference; lastKnownFileType = sourcecode.swift; path = CircuitWeaverViewModel.swift; sourceTree = "<group>"; };
		7434A80B2F310C5100F9C75B /* AchievementsView.swift */ = {isa = PBXFileReference; lastKnownFileType = sourcecode.swift; path = AchievementsView.swift; sourceTree = "<group>"; };
		7434A80C2F310C5100F9C75B /* CircuitAnalysisView.swift */ = {isa = PBXFileReference; lastKnownFileType = sourcecode.swift; path = CircuitAnalysisView.swift; sourceTree = "<group>"; };
		7434A80D2F310C5100F9C75B /* CircuitExecutionView.swift */ = {isa = PBXFileReference; lastKnownFileType = sourcecode.swift; path = CircuitExecutionView.swift; sourceTree = "<group>"; };
		7434A80E2F310C5100F9C75B /* CircuitWeaverView.swift */ = {isa = PBXFileReference; lastKnownFileType = sourcecode.swift; path = CircuitWeaverView.swift; sourceTree = "<group>"; };
		7434A80F2F310C5100F9C75B /* ExerciseLibraryView.swift */ = {isa = PBXFileReference; lastKnownFileType = sourcecode.swift; path = ExerciseLibraryView.swift; sourceTree = "<group>"; };
		7434A8102F310C5100F9C75B /* HomeView.swift */ = {isa = PBXFileReference; lastKnownFileType = sourcecode.swift; path = HomeView.swift; sourceTree = "<group>"; };
		7434A8112F310C5100F9C75B /* MainTabView.swift */ = {isa = PBXFileReference; lastKnownFileType = sourcecode.swift; path = MainTabView.swift; sourceTree = "<group>"; };
		7434A8122F310C5100F9C75B /* OnboardingView.swift */ = {isa = PBXFileReference; lastKnownFileType = sourcecode.swift; path = OnboardingView.swift; sourceTree = "<group>"; };
		7434A8132F310C5100F9C75B /* SettingsView.swift */ = {isa = PBXFileReference; lastKnownFileType = sourcecode.swift; path = SettingsView.swift; sourceTree = "<group>"; };
		7434A8142F310C5100F9C75B /* SpaceBuilderView.swift */ = {isa = PBXFileReference; lastKnownFileType = sourcecode.swift; path = SpaceBuilderView.swift; sourceTree = "<group>"; };
		7434A8152F310C5100F9C75B /* SpaceLibraryView.swift */ = {isa = PBXFileReference; lastKnownFileType = sourcecode.swift; path = SpaceLibraryView.swift; sourceTree = "<group>"; };
		7434A8162F310C5100F9C75B /* TrainingHistoryView.swift */ = {isa = PBXFileReference; lastKnownFileType = sourcecode.swift; path = TrainingHistoryView.swift; sourceTree = "<group>"; };
		7434A8172F310C5100F9C75B /* TrainingProgramsView.swift */ = {isa = PBXFileReference; lastKnownFileType = sourcecode.swift; path = TrainingProgramsView.swift; sourceTree = "<group>"; };
		7434A8192F310C5100F9C75B /* AppDelegate.swift */ = {isa = PBXFileReference; lastKnownFileType = sourcecode.swift; path = AppDelegate.swift; sourceTree = "<group>"; };
		7434A81A2F310C5100F9C75B /* Assets.xcassets */ = {isa = PBXFileReference; lastKnownFileType = folder.assetcatalog; path = Assets.xcassets; sourceTree = "<group>"; };
		7434A81B2F310C5100F9C75B /* ContentView.swift */ = {isa = PBXFileReference; lastKnownFileType = sourcecode.swift; path = ContentView.swift; sourceTree = "<group>"; };
		7434A81C2F310C5100F9C75B /* Info.plist */ = {isa = PBXFileReference; lastKnownFileType = text.plist.xml; path = Info.plist; sourceTree = "<group>"; };
		7434A81D2F310C5100F9C75B /* Base */ = {isa = PBXFileReference; lastKnownFileType = file.storyboard; name = Base; path = Base.lproj/LaunchScreen.storyboard; sourceTree = "<group>"; };
		7434A81F2F310C5100F9C75B /* Base */ = {isa = PBXFileReference; lastKnownFileType = file.storyboard; name = Base; path = Base.lproj/Main.storyboard; sourceTree = "<group>"; };
		7434A8212F310C5100F9C75B /* SceneDelegate.swift */ = {isa = PBXFileReference; lastKnownFileType = sourcecode.swift; path = SceneDelegate.swift; sourceTree = "<group>"; };
		7434A8222F310C5100F9C75B /* ViewController.swift */ = {isa = PBXFileReference; lastKnownFileType = sourcecode.swift; path = ViewController.swift; sourceTree = "<group>"; };
		9552F88DE2292CA779715D06 /* Pods-65CircuitWeaver.release.xcconfig */ = {isa = PBXFileReference; includeInIndex = 1; lastKnownFileType = text.xcconfig; name = "Pods-65CircuitWeaver.release.xcconfig"; path = "Target Support Files/Pods-65CircuitWeaver/Pods-65CircuitWeaver.release.xcconfig"; sourceTree = "<group>"; };
		B9C96A49BE1764FF5084CDCA /* Pods-65CircuitWeaver.debug.xcconfig */ = {isa = PBXFileReference; includeInIndex = 1; lastKnownFileType = text.xcconfig; name = "Pods-65CircuitWeaver.debug.xcconfig"; path = "Target Support Files/Pods-65CircuitWeaver/Pods-65CircuitWeaver.debug.xcconfig"; sourceTree = "<group>"; };
		D7A5C9B2426D8C3C83FE0F46 /* Pods_65CircuitWeaver.framework */ = {isa = PBXFileReference; explicitFileType = wrapper.framework; includeInIndex = 0; path = Pods_65CircuitWeaver.framework; sourceTree = BUILT_PRODUCTS_DIR; };
/* End PBXFileReference section */

/* Begin PBXFrameworksBuildPhase section */
		740292852F228B300027E363 /* Frameworks */ = {
			isa = PBXFrameworksBuildPhase;
			buildActionMask = 2147483647;
			files = (
			);
			runOnlyForDeploymentPostprocessing = 0;
		};
/* End PBXFrameworksBuildPhase section */

/* Begin PBXGroup section */
		097E4DC72CB86552A3628D84 /* Pods */ = {
			isa = PBXGroup;
			children = (
				B9C96A49BE1764FF5084CDCA /* Pods-65CircuitWeaver.debug.xcconfig */,
				9552F88DE2292CA779715D06 /* Pods-65CircuitWeaver.release.xcconfig */,
			);
			path = Pods;
			sourceTree = "<group>";
		};
		1A2A7A4FFB76B033CC8C384E /* Frameworks */ = {
			isa = PBXGroup;
			children = (
				D7A5C9B2426D8C3C83FE0F46 /* Pods_65CircuitWeaver.framework */,
			);
			name = Frameworks;
			sourceTree = "<group>";
		};
		7402927F2F228B300027E363 = {
			isa = PBXGroup;
			children = (
				7434A8232F310C5100F9C75B /* 65CircuitWeaver */,
				740292892F228B300027E363 /* Products */,
				097E4DC72CB86552A3628D84 /* Pods */,
				1A2A7A4FFB76B033CC8C384E /* Frameworks */,
			);
			sourceTree = "<group>";
		};
		740292892F228B300027E363 /* Products */ = {
			isa = PBXGroup;
			children = (
				740292882F228B300027E363 /* 65CircuitWeaver.app */,
			);
			name = Products;
			sourceTree = "<group>";
		};
		7434A7F92F310C5100F9C75B /* Data */ = {
			isa = PBXGroup;
			children = (
				7434A7F72F310C5100F9C75B /* CircuitDataManager.swift */,
				7434A7F82F310C5100F9C75B /* CircuitDataModel.swift */,
			);
			path = Data;
			sourceTree = "<group>";
		};
		7434A7FB2F310C5100F9C75B /* Engine */ = {
			isa = PBXGroup;
			children = (
				7434A7FA2F310C5100F9C75B /* CircuitEngine.swift */,
			);
			path = Engine;
			sourceTree = "<group>";
		};
		7434A7FD2F310C5100F9C75B /* Extensions */ = {
			isa = PBXGroup;
			children = (
				7434A7FC2F310C5100F9C75B /* Color+CircuitWeaver.swift */,
			);
			path = Extensions;
			sourceTree = "<group>";
		};
		7434A8042F310C5100F9C75B /* Models */ = {
			isa = PBXGroup;
			children = (
				7434A7FE2F310C5100F9C75B /* Achievements.swift */,
				7434A7FF2F310C5100F9C75B /* CircuitModels.swift */,
				7434A8002F310C5100F9C75B /* ExerciseLibrary.swift */,
				7434A8012F310C5100F9C75B /* Station.swift */,
				7434A8022F310C5100F9C75B /* TrainingHistory.swift */,
				7434A8032F310C5100F9C75B /* TrainingProgram.swift */,
			);
			path = Models;
			sourceTree = "<group>";
		};
		7434A8062F310C5100F9C75B /* ViewModels */ = {
			isa = PBXGroup;
			children = (
				7434A8052F310C5100F9C75B /* CircuitWeaverViewModel.swift */,
			);
			path = ViewModels;
			sourceTree = "<group>";
		};
		7434A8182F310C5100F9C75B /* Views */ = {
			isa = PBXGroup;
			children = (
				7434A80B2F310C5100F9C75B /* AchievementsView.swift */,
				7434A80C2F310C5100F9C75B /* CircuitAnalysisView.swift */,
				7434A80D2F310C5100F9C75B /* CircuitExecutionView.swift */,
				7434A80E2F310C5100F9C75B /* CircuitWeaverView.swift */,
				7434A80F2F310C5100F9C75B /* ExerciseLibraryView.swift */,
				7434A8102F310C5100F9C75B /* HomeView.swift */,
				7434A8112F310C5100F9C75B /* MainTabView.swift */,
				7434A8122F310C5100F9C75B /* OnboardingView.swift */,
				7434A8132F310C5100F9C75B /* SettingsView.swift */,
				7434A8142F310C5100F9C75B /* SpaceBuilderView.swift */,
				7434A8152F310C5100F9C75B /* SpaceLibraryView.swift */,
				7434A8162F310C5100F9C75B /* TrainingHistoryView.swift */,
				7434A8172F310C5100F9C75B /* TrainingProgramsView.swift */,
			);
			path = Views;
			sourceTree = "<group>";
		};
		7434A8232F310C5100F9C75B /* 65CircuitWeaver */ = {
			isa = PBXGroup;
			children = (
				7434A7F92F310C5100F9C75B /* Data */,
				7434A7FB2F310C5100F9C75B /* Engine */,
				7434A7FD2F310C5100F9C75B /* Extensions */,
				7434A8042F310C5100F9C75B /* Models */,
				7434A8062F310C5100F9C75B /* ViewModels */,
				7434A8182F310C5100F9C75B /* Views */,
				7434A8192F310C5100F9C75B /* AppDelegate.swift */,
				7434A81A2F310C5100F9C75B /* Assets.xcassets */,
				7434A81B2F310C5100F9C75B /* ContentView.swift */,
				7434A81C2F310C5100F9C75B /* Info.plist */,
				7434A81E2F310C5100F9C75B /* LaunchScreen.storyboard */,
				7434A8202F310C5100F9C75B /* Main.storyboard */,
				7434A8212F310C5100F9C75B /* SceneDelegate.swift */,
				7434A8222F310C5100F9C75B /* ViewController.swift */,
			);
			path = 65CircuitWeaver;
			sourceTree = "<group>";
		};
/* End PBXGroup section */

/* Begin PBXNativeTarget section */
		740292872F228B300027E363 /* 65CircuitWeaver */ = {
			isa = PBXNativeTarget;
			buildConfigurationList = 7402929B2F228B310027E363 /* Build configuration list for PBXNativeTarget "65CircuitWeaver" */;
			buildPhases = (
				AD26414C7E84634986176359 /* [CP] Check Pods Manifest.lock */,
				740292842F228B300027E363 /* Sources */,
				740292852F228B300027E363 /* Frameworks */,
				740292862F228B300027E363 /* Resources */,
			);
			buildRules = (
			);
			dependencies = (
			);
			name = 65CircuitWeaver;
			productName = 65CircuitWeaver;
			productReference = 740292882F228B300027E363 /* 65CircuitWeaver.app */;
			productType = "com.apple.product-type.application";
		};
/* End PBXNativeTarget section */

/* Begin PBXProject section */
		740292802F228B300027E363 /* Project object */ = {
			isa = PBXProject;
			attributes = {
				BuildIndependentTargetsInParallel = 1;
				LastSwiftUpdateCheck = 2620;
				LastUpgradeCheck = 2620;
				TargetAttributes = {
					740292872F228B300027E363 = {
						CreatedOnToolsVersion = 26.2;
					};
				};
			};
			buildConfigurationList = 740292832F228B300027E363 /* Build configuration list for PBXProject "65CircuitWeaver" */;
			compatibilityVersion = "Xcode 15.0";
			developmentRegion = en;
			hasScannedForEncodings = 0;
			knownRegions = (
				en,
				Base,
			);
			mainGroup = 7402927F2F228B300027E363;
			productRefGroup = 740292892F228B300027E363 /* Products */;
			projectDirPath = "";
			projectRoot = "";
			targets = (
				740292872F228B300027E363 /* 65CircuitWeaver */,
			);
		};
/* End PBXProject section */

/* Begin PBXResourcesBuildPhase section */
		740292862F228B300027E363 /* Resources */ = {
			isa = PBXResourcesBuildPhase;
			buildActionMask = 2147483647;
			files = (
				7434A8242F310C5100F9C75B /* Assets.xcassets in Resources */,
				7434A8262F310C5100F9C75B /* LaunchScreen.storyboard in Resources */,
				7434A8272F310C5100F9C75B /* Main.storyboard in Resources */,
			);
			runOnlyForDeploymentPostprocessing = 0;
		};
/* End PBXResourcesBuildPhase section */

/* Begin PBXShellScriptBuildPhase section */
		AD26414C7E84634986176359 /* [CP] Check Pods Manifest.lock */ = {
			isa = PBXShellScriptBuildPhase;
			buildActionMask = 2147483647;
			files = (
			);
			inputFileListPaths = (
			);
			inputPaths = (
				"${PODS_PODFILE_DIR_PATH}/Podfile.lock",
				"${PODS_ROOT}/Manifest.lock",
			);
			name = "[CP] Check Pods Manifest.lock";
			outputFileListPaths = (
			);
			outputPaths = (
				"$(DERIVED_FILE_DIR)/Pods-65CircuitWeaver-checkManifestLockResult.txt",
			);
			runOnlyForDeploymentPostprocessing = 0;
			shellPath = /bin/sh;
			shellScript = "diff \"${PODS_PODFILE_DIR_PATH}/Podfile.lock\" \"${PODS_ROOT}/Manifest.lock\" > /dev/null\nif [ $? != 0 ] ; then\n    # print error to STDERR\n    echo \"error: The sandbox is not in sync with the Podfile.lock. Run 'pod install' or update your CocoaPods installation.\" >&2\n    exit 1\nfi\n# This output is used by Xcode 'outputs' to avoid re-running this script phase.\necho \"SUCCESS\" > \"${SCRIPT_OUTPUT_FILE_0}\"\n";
			showEnvVarsInLog = 0;
		};
/* End PBXShellScriptBuildPhase section */

/* Begin PBXSourcesBuildPhase section */
		740292842F228B300027E363 /* Sources */ = {
			isa = PBXSourcesBuildPhase;
			buildActionMask = 2147483647;
			files = (
				7434A8282F310C5100F9C75B /* CircuitDataManager.swift in Sources */,
				7434A8292F310C5100F9C75B /* CircuitDataModel.swift in Sources */,
				7434A82A2F310C5100F9C75B /* CircuitEngine.swift in Sources */,
				7434A82B2F310C5100F9C75B /* Color+CircuitWeaver.swift in Sources */,
				7434A82C2F310C5100F9C75B /* Achievements.swift in Sources */,
				7434A82D2F310C5100F9C75B /* CircuitModels.swift in Sources */,
				7434A82E2F310C5100F9C75B /* ExerciseLibrary.swift in Sources */,
				7434A82F2F310C5100F9C75B /* Station.swift in Sources */,
				7434A8302F310C5100F9C75B /* TrainingHistory.swift in Sources */,
				7434A8312F310C5100F9C75B /* TrainingProgram.swift in Sources */,
				7434A8322F310C5100F9C75B /* CircuitWeaverViewModel.swift in Sources */,
				7434A8362F310C5100F9C75B /* AchievementsView.swift in Sources */,
				7434A8372F310C5100F9C75B /* CircuitAnalysisView.swift in Sources */,
				7434A8382F310C5100F9C75B /* CircuitExecutionView.swift in Sources */,
				7434A8392F310C5100F9C75B /* CircuitWeaverView.swift in Sources */,
				7434A83A2F310C5100F9C75B /* ExerciseLibraryView.swift in Sources */,
				7434A83B2F310C5100F9C75B /* HomeView.swift in Sources */,
				7434A83C2F310C5100F9C75B /* MainTabView.swift in Sources */,
				7434A83D2F310C5100F9C75B /* OnboardingView.swift in Sources */,
				7434A83E2F310C5100F9C75B /* SettingsView.swift in Sources */,
				7434A83F2F310C5100F9C75B /* SpaceBuilderView.swift in Sources */,
				7434A8402F310C5100F9C75B /* SpaceLibraryView.swift in Sources */,
				7434A8412F310C5100F9C75B /* TrainingHistoryView.swift in Sources */,
				7434A8422F310C5100F9C75B /* TrainingProgramsView.swift in Sources */,
				7434A8432F310C5100F9C75B /* AppDelegate.swift in Sources */,
				7434A8442F310C5100F9C75B /* ContentView.swift in Sources */,
				7434A8452F310C5100F9C75B /* SceneDelegate.swift in Sources */,
				7434A8462F310C5100F9C75B /* ViewController.swift in Sources */,
			);
			runOnlyForDeploymentPostprocessing = 0;
		};
/* End PBXSourcesBuildPhase section */

/* Begin PBXVariantGroup section */
		7434A81E2F310C5100F9C75B /* LaunchScreen.storyboard */ = {
			isa = PBXVariantGroup;
			children = (
				7434A81D2F310C5100F9C75B /* Base */,
			);
			name = LaunchScreen.storyboard;
			sourceTree = "<group>";
		};
		7434A8202F310C5100F9C75B /* Main.storyboard */ = {
			isa = PBXVariantGroup;
			children = (
				7434A81F2F310C5100F9C75B /* Base */,
			);
			name = Main.storyboard;
			sourceTree = "<group>";
		};
/* End PBXVariantGroup section */

/* Begin XCBuildConfiguration section */
		7402929C2F228B310027E363 /* Debug */ = {
			isa = XCBuildConfiguration;
			baseConfigurationReference = B9C96A49BE1764FF5084CDCA /* Pods-65CircuitWeaver.debug.xcconfig */;
			buildSettings = {
				ASSETCATALOG_COMPILER_APPICON_NAME = AppIcon;
				ASSETCATALOG_COMPILER_GLOBAL_ACCENT_COLOR_NAME = AccentColor;
				CODE_SIGN_STYLE = Automatic;
				CURRENT_PROJECT_VERSION = 2;
				GENERATE_INFOPLIST_FILE = YES;
				INFOPLIST_FILE = 65CircuitWeaver/Info.plist;
				INFOPLIST_KEY_CFBundleDisplayName = "Xelnuro Circuit Weaver";
				INFOPLIST_KEY_UIApplicationSupportsIndirectInputEvents = YES;
				INFOPLIST_KEY_UILaunchStoryboardName = LaunchScreen;
				INFOPLIST_KEY_UIMainStoryboardFile = Main;
				INFOPLIST_KEY_UISupportedInterfaceOrientations = UIInterfaceOrientationPortrait;
				INFOPLIST_KEY_UISupportedInterfaceOrientations_iPad = "UIInterfaceOrientationLandscapeLeft UIInterfaceOrientationLandscapeRight UIInterfaceOrientationPortrait UIInterfaceOrientationPortraitUpsideDown";
				IPHONEOS_DEPLOYMENT_TARGET = 17;
				LD_RUNPATH_SEARCH_PATHS = (
					"$(inherited)",
					"@executable_path/Frameworks",
				);
				MARKETING_VERSION = 1.0;
				PRODUCT_BUNDLE_IDENTIFIER = com.kri.xc2rc93tw0;
				PRODUCT_NAME = "$(TARGET_NAME)";
				STRING_CATALOG_GENERATE_SYMBOLS = YES;
				SUPPORTED_PLATFORMS = "iphoneos iphonesimulator";
				SUPPORTS_MACCATALYST = NO;
				SUPPORTS_MAC_DESIGNED_FOR_IPHONE_IPAD = NO;
				SUPPORTS_XR_DESIGNED_FOR_IPHONE_IPAD = NO;
				SWIFT_APPROACHABLE_CONCURRENCY = YES;
				SWIFT_DEFAULT_ACTOR_ISOLATION = MainActor;
				SWIFT_EMIT_LOC_STRINGS = YES;
				SWIFT_UPCOMING_FEATURE_MEMBER_IMPORT_VISIBILITY = YES;
				SWIFT_VERSION = 5.0;
				TARGETED_DEVICE_FAMILY = 1;
			};
			name = Debug;
		};
		7402929D2F228B310027E363 /* Release */ = {
			isa = XCBuildConfiguration;
			baseConfigurationReference = 9552F88DE2292CA779715D06 /* Pods-65CircuitWeaver.release.xcconfig */;
			buildSettings = {
				ASSETCATALOG_COMPILER_APPICON_NAME = AppIcon;
				ASSETCATALOG_COMPILER_GLOBAL_ACCENT_COLOR_NAME = AccentColor;
				CODE_SIGN_STYLE = Automatic;
				CURRENT_PROJECT_VERSION = 2;
				GENERATE_INFOPLIST_FILE = YES;
				INFOPLIST_FILE = 65CircuitWeaver/Info.plist;
				INFOPLIST_KEY_CFBundleDisplayName = "Xelnuro Circuit Weaver";
				INFOPLIST_KEY_UIApplicationSupportsIndirectInputEvents = YES;
				INFOPLIST_KEY_UILaunchStoryboardName = LaunchScreen;
				INFOPLIST_KEY_UIMainStoryboardFile = Main;
				INFOPLIST_KEY_UISupportedInterfaceOrientations = UIInterfaceOrientationPortrait;
				INFOPLIST_KEY_UISupportedInterfaceOrientations_iPad = "UIInterfaceOrientationLandscapeLeft UIInterfaceOrientationLandscapeRight UIInterfaceOrientationPortrait UIInterfaceOrientationPortraitUpsideDown";
				IPHONEOS_DEPLOYMENT_TARGET = 17;
				LD_RUNPATH_SEARCH_PATHS = (
					"$(inherited)",
					"@executable_path/Frameworks",
				);
				MARKETING_VERSION = 1.0;
				PRODUCT_BUNDLE_IDENTIFIER = com.kri.xc2rc93tw0;
				PRODUCT_NAME = "$(TARGET_NAME)";
				STRING_CATALOG_GENERATE_SYMBOLS = YES;
				SUPPORTED_PLATFORMS = "iphoneos iphonesimulator";
				SUPPORTS_MACCATALYST = NO;
				SUPPORTS_MAC_DESIGNED_FOR_IPHONE_IPAD = NO;
				SUPPORTS_XR_DESIGNED_FOR_IPHONE_IPAD = NO;
				SWIFT_APPROACHABLE_CONCURRENCY = YES;
				SWIFT_DEFAULT_ACTOR_ISOLATION = MainActor;
				SWIFT_EMIT_LOC_STRINGS = YES;
				SWIFT_UPCOMING_FEATURE_MEMBER_IMPORT_VISIBILITY = YES;
				SWIFT_VERSION = 5.0;
				TARGETED_DEVICE_FAMILY = 1;
			};
			name = Release;
		};
		7402929E2F228B310027E363 /* Debug */ = {
			isa = XCBuildConfiguration;
			buildSettings = {
				ALWAYS_SEARCH_USER_PATHS = NO;
				ASSETCATALOG_COMPILER_GENERATE_SWIFT_ASSET_SYMBOL_EXTENSIONS = YES;
				CLANG_ANALYZER_NONNULL = YES;
				CLANG_ANALYZER_NUMBER_OBJECT_CONVERSION = YES_AGGRESSIVE;
				CLANG_CXX_LANGUAGE_STANDARD = "gnu++20";
				CLANG_ENABLE_MODULES = YES;
				CLANG_ENABLE_OBJC_ARC = YES;
				CLANG_ENABLE_OBJC_WEAK = YES;
				CLANG_WARN_BLOCK_CAPTURE_AUTORELEASING = YES;
				CLANG_WARN_BOOL_CONVERSION = YES;
				CLANG_WARN_COMMA = YES;
				CLANG_WARN_CONSTANT_CONVERSION = YES;
				CLANG_WARN_DEPRECATED_OBJC_IMPLEMENTATIONS = YES;
				CLANG_WARN_DIRECT_OBJC_ISA_USAGE = YES_ERROR;
				CLANG_WARN_DOCUMENTATION_COMMENTS = YES;
				CLANG_WARN_EMPTY_BODY = YES;
				CLANG_WARN_ENUM_CONVERSION = YES;
				CLANG_WARN_INFINITE_RECURSION = YES;
				CLANG_WARN_INT_CONVERSION = YES;
				CLANG_WARN_NON_LITERAL_NULL_CONVERSION = YES;
				CLANG_WARN_OBJC_IMPLICIT_RETAIN_SELF = YES;
				CLANG_WARN_OBJC_LITERAL_CONVERSION = YES;
				CLANG_WARN_OBJC_ROOT_CLASS = YES_ERROR;
				CLANG_WARN_QUOTED_INCLUDE_IN_FRAMEWORK_HEADER = YES;
				CLANG_WARN_RANGE_LOOP_ANALYSIS = YES;
				CLANG_WARN_STRICT_PROTOTYPES = YES;
				CLANG_WARN_SUSPICIOUS_MOVE = YES;
				CLANG_WARN_UNGUARDED_AVAILABILITY = YES_AGGRESSIVE;
				CLANG_WARN_UNREACHABLE_CODE = YES;
				CLANG_WARN__DUPLICATE_METHOD_MATCH = YES;
				COPY_PHASE_STRIP = NO;
				DEBUG_INFORMATION_FORMAT = dwarf;
				ENABLE_STRICT_OBJC_MSGSEND = YES;
				ENABLE_TESTABILITY = YES;
				ENABLE_USER_SCRIPT_SANDBOXING = YES;
				GCC_C_LANGUAGE_STANDARD = gnu17;
				GCC_DYNAMIC_NO_PIC = NO;
				GCC_NO_COMMON_BLOCKS = YES;
				GCC_OPTIMIZATION_LEVEL = 0;
				GCC_PREPROCESSOR_DEFINITIONS = (
					"DEBUG=1",
					"$(inherited)",
				);
				GCC_WARN_64_TO_32_BIT_CONVERSION = YES;
				GCC_WARN_ABOUT_RETURN_TYPE = YES_ERROR;
				GCC_WARN_UNDECLARED_SELECTOR = YES;
				GCC_WARN_UNINITIALIZED_AUTOS = YES_AGGRESSIVE;
				GCC_WARN_UNUSED_FUNCTION = YES;
				GCC_WARN_UNUSED_VARIABLE = YES;
				IPHONEOS_DEPLOYMENT_TARGET = 26.2;
				LOCALIZATION_PREFERS_STRING_CATALOGS = YES;
				MTL_ENABLE_DEBUG_INFO = INCLUDE_SOURCE;
				MTL_FAST_MATH = YES;
				ONLY_ACTIVE_ARCH = YES;
				SDKROOT = iphoneos;
				SWIFT_ACTIVE_COMPILATION_CONDITIONS = "DEBUG $(inherited)";
				SWIFT_OPTIMIZATION_LEVEL = "-Onone";
			};
			name = Debug;
		};
		7402929F2F228B310027E363 /* Release */ = {
			isa = XCBuildConfiguration;
			buildSettings = {
				ALWAYS_SEARCH_USER_PATHS = NO;
				ASSETCATALOG_COMPILER_GENERATE_SWIFT_ASSET_SYMBOL_EXTENSIONS = YES;
				CLANG_ANALYZER_NONNULL = YES;
				CLANG_ANALYZER_NUMBER_OBJECT_CONVERSION = YES_AGGRESSIVE;
				CLANG_CXX_LANGUAGE_STANDARD = "gnu++20";
				CLANG_ENABLE_MODULES = YES;
				CLANG_ENABLE_OBJC_ARC = YES;
				CLANG_ENABLE_OBJC_WEAK = YES;
				CLANG_WARN_BLOCK_CAPTURE_AUTORELEASING = YES;
				CLANG_WARN_BOOL_CONVERSION = YES;
				CLANG_WARN_COMMA = YES;
				CLANG_WARN_CONSTANT_CONVERSION = YES;
				CLANG_WARN_DEPRECATED_OBJC_IMPLEMENTATIONS = YES;
				CLANG_WARN_DIRECT_OBJC_ISA_USAGE = YES_ERROR;
				CLANG_WARN_DOCUMENTATION_COMMENTS = YES;
				CLANG_WARN_EMPTY_BODY = YES;
				CLANG_WARN_ENUM_CONVERSION = YES;
				CLANG_WARN_INFINITE_RECURSION = YES;
				CLANG_WARN_INT_CONVERSION = YES;
				CLANG_WARN_NON_LITERAL_NULL_CONVERSION = YES;
				CLANG_WARN_OBJC_IMPLICIT_RETAIN_SELF = YES;
				CLANG_WARN_OBJC_LITERAL_CONVERSION = YES;
				CLANG_WARN_OBJC_ROOT_CLASS = YES_ERROR;
				CLANG_WARN_QUOTED_INCLUDE_IN_FRAMEWORK_HEADER = YES;
				CLANG_WARN_RANGE_LOOP_ANALYSIS = YES;
				CLANG_WARN_STRICT_PROTOTYPES = YES;
				CLANG_WARN_SUSPICIOUS_MOVE = YES;
				CLANG_WARN_UNGUARDED_AVAILABILITY = YES_AGGRESSIVE;
				CLANG_WARN_UNREACHABLE_CODE = YES;
				CLANG_WARN__DUPLICATE_METHOD_MATCH = YES;
				COPY_PHASE_STRIP = NO;
				DEBUG_INFORMATION_FORMAT = "dwarf-with-dsym";
				ENABLE_NS_ASSERTIONS = NO;
				ENABLE_STRICT_OBJC_MSGSEND = YES;
				ENABLE_USER_SCRIPT_SANDBOXING = YES;
				GCC_C_LANGUAGE_STANDARD = gnu17;
				GCC_NO_COMMON_BLOCKS = YES;
				GCC_WARN_64_TO_32_BIT_CONVERSION = YES;
				GCC_WARN_ABOUT_RETURN_TYPE = YES_ERROR;
				GCC_WARN_UNDECLARED_SELECTOR = YES;
				GCC_WARN_UNINITIALIZED_AUTOS = YES_AGGRESSIVE;
				GCC_WARN_UNUSED_FUNCTION = YES;
				GCC_WARN_UNUSED_VARIABLE = YES;
				IPHONEOS_DEPLOYMENT_TARGET = 26.2;
				LOCALIZATION_PREFERS_STRING_CATALOGS = YES;
				MTL_ENABLE_DEBUG_INFO = NO;
				MTL_FAST_MATH = YES;
				SDKROOT = iphoneos;
				SWIFT_COMPILATION_MODE = wholemodule;
				VALIDATE_PRODUCT = YES;
			};
			name = Release;
		};
/* End XCBuildConfiguration section */

/* Begin XCConfigurationList section */
		740292832F228B300027E363 /* Build configuration list for PBXProject "65CircuitWeaver" */ = {
			isa = XCConfigurationList;
			buildConfigurations = (
				7402929E2F228B310027E363 /* Debug */,
				7402929F2F228B310027E363 /* Release */,
			);
			defaultConfigurationIsVisible = 0;
			defaultConfigurationName = Release;
		};
		7402929B2F228B310027E363 /* Build configuration list for PBXNativeTarget "65CircuitWeaver" */ = {
			isa = XCConfigurationList;
			buildConfigurations = (
				7402929C2F228B310027E363 /* Debug */,
				7402929D2F228B310027E363 /* Release */,
			);
			defaultConfigurationIsVisible = 0;
			defaultConfigurationName = Release;
		};
/* End XCConfigurationList section */
	};
	rootObject = 740292802F228B300027E363 /* Project object */;
}
